
Microsoft Visual Studio Solution File, Format Version 12.00
# Visual Studio Version 16
VisualStudioVersion = 16.0.31624.102
MinimumVisualStudioVersion = 10.0.40219.1
Project("{8BC9CEB8-8B4A-11D0-8D11-00A0C91BC942}") = "Lab1", "Lab1\Lab1.vcxproj", "{FBEC60B9-C722-4CEC-B35F-BD3AD50B12D7}"
EndProject
Project("{8BC9CEB8-8B4A-11D0-8D11-00A0C91BC942}") = "Lab2", "Lab2\Lab2.vcxproj", "{DD85E1A0-DE05-45CB-A73B-65F1757E5509}"
EndProject
Project("{8BC9CEB8-8B4A-11D0-8D11-00A0C91BC942}") = "Lab3", "Lab3\Lab3.vcxproj", "{3A9F7063-14CF-4AA5-90E4-4DB6F6FEEA7E}"
EndProject
Global
	GlobalSection(SolutionConfigurationPlatforms) = preSolution
		Debug|x64 = Debug|x64
		Debug|x86 = Debug|x86
		Release|x64 = Release|x64
		Release|x86 = Release|x86
	EndGlobalSection
	GlobalSection(ProjectConfigurationPlatforms) = postSolution
		{FBEC60B9-C722-4CEC-B35F-BD3AD50B12D7}.Debug|x64.ActiveCfg = Debug|x64
		{FBEC60B9-C722-4CEC-B35F-BD3AD50B12D7}.Debug|x64.Build.0 = Debug|x64
		{FBEC60B9-C722-4CEC-B35F-BD3AD50B12D7}.Debug|x86.ActiveCfg = Debug|Win32
		{FBEC60B9-C722-4CEC-B35F-BD3AD50B12D7}.Debug|x86.Build.0 = Debug|Win32
		{FBEC60B9-C722-4CEC-B35F-BD3AD50B12D7}.Release|x64.ActiveCfg = Release|x64
		{FBEC60B9-C722-4CEC-B35F-BD3AD50B12D7}.Release|x64.Build.0 = Release|x64
		{FBEC60B9-C722-4CEC-B35F-BD3AD50B12D7}.Release|x86.ActiveCfg = Release|Win32
		{FBEC60B9-C722-4CEC-B35F-BD3AD50B12D7}.Release|x86.Build.0 = Release|Win32
		{DD85E1A0-DE05-45CB-A73B-65F1757E5509}.Debug|x64.ActiveCfg = Debug|x64
		{DD85E1A0-DE05-45CB-A73B-65F1757E5509}.Debug|x64.Build.0 = Debug|x64
		{DD85E1A0-DE05-45CB-A73B-65F1757E5509}.Debug|x86.ActiveCfg = Debug|Win32
		{DD85E1A0-DE05-45CB-A73B-65F1757E5509}.Debug|x86.Build.0 = Debug|Win32
		{DD85E1A0-DE05-45CB-A73B-65F1757E5509}.Release|x64.ActiveCfg = Release|x64
		{DD85E1A0-DE05-45CB-A73B-65F1757E5509}.Release|x64.Build.0 = Release|x64
		{DD85E1A0-DE05-45CB-A73B-65F1757E5509}.Release|x86.ActiveCfg = Release|Win32
		{DD85E1A0-DE05-45CB-A73B-65F1757E5509}.Release|x86.Build.0 = Release|Win32
		{3A9F7063-14CF-4AA5-90E4-4DB6F6FEEA7E}.Debug|x64.ActiveCfg = Debug|x64
		{3A9F7063-14CF-4AA5-90E4-4DB6F6FEEA7E}.Debug|x64.Build.0 = Debug|x64
		{3A9F7063-14CF-4AA5-90E4-4DB6F6FEEA7E}.Debug|x86.ActiveCfg = Debug|Win32
		{3A9F7063-14CF-4AA5-90E4-4DB6F6FEEA7E}.Debug|x86.Build.0 = Debug|Win32
		{3A9F7063-14CF-4AA5-90E4-4DB6F6FEEA7E}.Release|x64.ActiveCfg = Release|x64
		{3A9F7063-14CF-4AA5-90E4-4DB6F6FEEA7E}.Release|x64.Build.0 = Release|x64
		{3A9F7063-14CF-4AA5-90E4-4DB6F6FEEA7E}.Release|x86.ActiveCfg = Release|Win32
		{3A9F7063-14CF-4AA5-90E4-4DB6F6FEEA7E}.Release|x86.Build.0 = Release|Win32
	EndGlobalSection
	GlobalSection(SolutionProperties) = preSolution
		HideSolutionNode = FALSE
	EndGlobalSection
	GlobalSection(ExtensibilityGlobals) = postSolution
		SolutionGuid = {E07C8598-58A0-4CD1-B4FB-67CCE1E309B9}
	EndGlobalSection
EndGlobal
